{
    "_readme": [
        "This file locks the dependencies of your project to a known state",
        "Read more about it at https://getcomposer.org/doc/01-basic-usage.md#installing-dependencies",
        "This file is @generated automatically"
    ],
    "content-hash": "6675a4a7c52aa2ec23ecbfd7d8cf1f95",
    "packages": [
        {
            "name": "laravel/serializable-closure",
            "version": "v1.3.7",
            "source": {
                "type": "git",
                "url": "https://github.com/laravel/serializable-closure.git",
                "reference": "4f48ade902b94323ca3be7646db16209ec76be3d"
            },
            "dist": {
                "type": "zip",
                "url": "https://api.github.com/repos/laravel/serializable-closure/zipball/4f48ade902b94323ca3be7646db16209ec76be3d",
                "reference": "4f48ade902b94323ca3be7646db16209ec76be3d",
                "shasum": ""
            },
            "require": {
                "php": "^7.3|^8.0"
            },
            "require-dev": {
                "illuminate/support": "^8.0|^9.0|^10.0|^11.0",
                "nesbot/carbon": "^2.61|^3.0",
                "pestphp/pest": "^1.21.3",
                "phpstan/phpstan": "^1.8.2",
                "symfony/var-dumper": "^5.4.11|^6.2.0|^7.0.0"
            },
            "type": "library",
            "extra": {
                "branch-alias": {
                    "dev-master": "1.x-dev"
                }
            },
            "autoload": {
                "psr-4": {
                    "Laravel\\SerializableClosure\\": "src/"
                }
            },
            "notification-url": "https://packagist.org/downloads/",
            "license": [
                "MIT"
            ],
            "authors": [
                {
                    "name": "Taylor Otwell",
                    "email": "taylor@laravel.com"
                },
                {
                    "name": "Nuno Maduro",
                    "email": "nuno@laravel.com"
                }
            ],
            "description": "Laravel Serializable Closure provides an easy and secure way to serialize closures in PHP.",
            "keywords": [
                "closure",
                "laravel",
                "serializable"
            ],
            "support": {
                "issues": "https://github.com/laravel/serializable-closure/issues",
                "source": "https://github.com/laravel/serializable-closure"
            },
            "time": "2024-11-14T18:34:49+00:00"
        },
        {
            "name": "monolog/monolog",
            "version": "2.10.0",
            "source": {
                "type": "git",
                "url": "https://github.com/Seldaek/monolog.git",
                "reference": "5cf826f2991858b54d5c3809bee745560a1042a7"
            },
            "dist": {
                "type": "zip",
                "url": "https://api.github.com/repos/Seldaek/monolog/zipball/5cf826f2991858b54d5c3809bee745560a1042a7",
                "reference": "5cf826f2991858b54d5c3809bee745560a1042a7",
                "shasum": ""
            },
            "require": {
                "php": ">=7.2",
                "psr/log": "^1.0.1 || ^2.0 || ^3.0"
            },
            "provide": {
                "psr/log-implementation": "1.0.0 || 2.0.0 || 3.0.0"
            },
            "require-dev": {
                "aws/aws-sdk-php": "^2.4.9 || ^3.0",
                "doctrine/couchdb": "~1.0@dev",
                "elasticsearch/elasticsearch": "^7 || ^8",
                "ext-json": "*",
                "graylog2/gelf-php": "^1.4.2 || ^2@dev",
                "guzzlehttp/guzzle": "^7.4",
                "guzzlehttp/psr7": "^2.2",
                "mongodb/mongodb": "^1.8",
                "php-amqplib/php-amqplib": "~2.4 || ^3",
                "phpspec/prophecy": "^1.15",
                "phpstan/phpstan": "^1.10",
                "phpunit/phpunit": "^8.5.38 || ^9.6.19",
                "predis/predis": "^1.1 || ^2.0",
                "rollbar/rollbar": "^1.3 || ^2 || ^3",
                "ruflin/elastica": "^7",
                "swiftmailer/swiftmailer": "^5.3|^6.0",
                "symfony/mailer": "^5.4 || ^6",
                "symfony/mime": "^5.4 || ^6"
            },
            "suggest": {
                "aws/aws-sdk-php": "Allow sending log messages to AWS services like DynamoDB",
                "doctrine/couchdb": "Allow sending log messages to a CouchDB server",
                "elasticsearch/elasticsearch": "Allow sending log messages to an Elasticsearch server via official client",
                "ext-amqp": "Allow sending log messages to an AMQP server (1.0+ required)",
                "ext-curl": "Required to send log messages using the IFTTTHandler, the LogglyHandler, the SendGridHandler, the SlackWebhookHandler or the TelegramBotHandler",
                "ext-mbstring": "Allow to work properly with unicode symbols",
                "ext-mongodb": "Allow sending log messages to a MongoDB server (via driver)",
                "ext-openssl": "Required to send log messages using SSL",
                "ext-sockets": "Allow sending log messages to a Syslog server (via UDP driver)",
                "graylog2/gelf-php": "Allow sending log messages to a GrayLog2 server",
                "mongodb/mongodb": "Allow sending log messages to a MongoDB server (via library)",
                "php-amqplib/php-amqplib": "Allow sending log messages to an AMQP server using php-amqplib",
                "rollbar/rollbar": "Allow sending log messages to Rollbar",
                "ruflin/elastica": "Allow sending log messages to an Elastic Search server"
            },
            "type": "library",
            "extra": {
                "branch-alias": {
                    "dev-main": "2.x-dev"
                }
            },
            "autoload": {
                "psr-4": {
                    "Monolog\\": "src/Monolog"
                }
            },
            "notification-url": "https://packagist.org/downloads/",
            "license": [
                "MIT"
            ],
            "authors": [
                {
                    "name": "Jordi Boggiano",
                    "email": "j.boggiano@seld.be",
                    "homepage": "https://seld.be"
                }
            ],
            "description": "Sends your logs to files, sockets, inboxes, databases and various web services",
            "homepage": "https://github.com/Seldaek/monolog",
            "keywords": [
                "log",
                "logging",
                "psr-3"
            ],
            "support": {
                "issues": "https://github.com/Seldaek/monolog/issues",
                "source": "https://github.com/Seldaek/monolog/tree/2.10.0"
            },
            "funding": [
                {
                    "url": "https://github.com/Seldaek",
                    "type": "github"
                },
                {
                    "url": "https://tidelift.com/funding/github/packagist/monolog/monolog",
                    "type": "tidelift"
                }
            ],
            "time": "2024-11-12T12:43:37+00:00"
        },
        {
            "name": "php-di/invoker",
            "version": "2.3.6",
            "source": {
                "type": "git",
                "url": "https://github.com/PHP-DI/Invoker.git",
                "reference": "59f15608528d8a8838d69b422a919fd6b16aa576"
            },
            "dist": {
                "type": "zip",
                "url": "https://api.github.com/repos/PHP-DI/Invoker/zipball/59f15608528d8a8838d69b422a919fd6b16aa576",
                "reference": "59f15608528d8a8838d69b422a919fd6b16aa576",
                "shasum": ""
            },
            "require": {
                "php": ">=7.3",
                "psr/container": "^1.0|^2.0"
            },
            "require-dev": {
                "athletic/athletic": "~0.1.8",
                "mnapoli/hard-mode": "~0.3.0",
                "phpunit/phpunit": "^9.0"
            },
            "type": "library",
            "autoload": {
                "psr-4": {
                    "Invoker\\": "src/"
                }
            },
            "notification-url": "https://packagist.org/downloads/",
            "license": [
                "MIT"
            ],
            "description": "Generic and extensible callable invoker",
            "homepage": "https://github.com/PHP-DI/Invoker",
            "keywords": [
                "callable",
                "dependency",
                "dependency-injection",
                "injection",
                "invoke",
                "invoker"
            ],
            "support": {
                "issues": "https://github.com/PHP-DI/Invoker/issues",
                "source": "https://github.com/PHP-DI/Invoker/tree/2.3.6"
            },
            "funding": [
                {
                    "url": "https://github.com/mnapoli",
                    "type": "github"
                }
            ],
            "time": "2025-01-17T12:49:27+00:00"
        },
        {
            "name": "php-di/php-di",
            "version": "6.4.0",
            "source": {
                "type": "git",
                "url": "https://github.com/PHP-DI/PHP-DI.git",
                "reference": "ae0f1b3b03d8b29dff81747063cbfd6276246cc4"
            },
            "dist": {
                "type": "zip",
                "url": "https://api.github.com/repos/PHP-DI/PHP-DI/zipball/ae0f1b3b03d8b29dff81747063cbfd6276246cc4",
                "reference": "ae0f1b3b03d8b29dff81747063cbfd6276246cc4",
                "shasum": ""
            },
            "require": {
                "laravel/serializable-closure": "^1.0",
                "php": ">=7.4.0",
                "php-di/invoker": "^2.0",
                "php-di/phpdoc-reader": "^2.0.1",
                "psr/container": "^1.0"
            },
            "provide": {
                "psr/container-implementation": "^1.0"
            },
            "require-dev": {
                "doctrine/annotations": "~1.10",
                "friendsofphp/php-cs-fixer": "^2.4",
                "mnapoli/phpunit-easymock": "^1.2",
                "ocramius/proxy-manager": "^2.11.2",
                "phpstan/phpstan": "^0.12",
                "phpunit/phpunit": "^9.5"
            },
            "suggest": {
                "doctrine/annotations": "Install it if you want to use annotations (version ~1.2)",
                "ocramius/proxy-manager": "Install it if you want to use lazy injection (version ~2.0)"
            },
            "type": "library",
            "autoload": {
                "files": [
                    "src/functions.php"
                ],
                "psr-4": {
                    "DI\\": "src/"
                }
            },
            "notification-url": "https://packagist.org/downloads/",
            "license": [
                "MIT"
            ],
            "description": "The dependency injection container for humans",
            "homepage": "https://php-di.org/",
            "keywords": [
                "PSR-11",
                "container",
                "container-interop",
                "dependency injection",
                "di",
                "ioc",
                "psr11"
            ],
            "support": {
                "issues": "https://github.com/PHP-DI/PHP-DI/issues",
                "source": "https://github.com/PHP-DI/PHP-DI/tree/6.4.0"
            },
            "funding": [
                {
                    "url": "https://github.com/mnapoli",
                    "type": "github"
                },
                {
                    "url": "https://tidelift.com/funding/github/packagist/php-di/php-di",
                    "type": "tidelift"
                }
            ],
            "time": "2022-04-09T16:46:38+00:00"
        },
        {
            "name": "php-di/phpdoc-reader",
            "version": "2.2.1",
            "source": {
                "type": "git",
                "url": "https://github.com/PHP-DI/PhpDocReader.git",
                "reference": "66daff34cbd2627740ffec9469ffbac9f8c8185c"
            },
            "dist": {
                "type": "zip",
                "url": "https://api.github.com/repos/PHP-DI/PhpDocReader/zipball/66daff34cbd2627740ffec9469ffbac9f8c8185c",
                "reference": "66daff34cbd2627740ffec9469ffbac9f8c8185c",
                "shasum": ""
            },
            "require": {
                "php": ">=7.2.0"
            },
            "require-dev": {
                "mnapoli/hard-mode": "~0.3.0",
                "phpunit/phpunit": "^8.5|^9.0"
            },
            "type": "library",
            "autoload": {
                "psr-4": {
                    "PhpDocReader\\": "src/PhpDocReader"
                }
            },
            "notification-url": "https://packagist.org/downloads/",
            "license": [
                "MIT"
            ],
            "description": "PhpDocReader parses @var and @param values in PHP docblocks (supports namespaced class names with the same resolution rules as PHP)",
            "keywords": [
                "phpdoc",
                "reflection"
            ],
            "support": {
                "issues": "https://github.com/PHP-DI/PhpDocReader/issues",
                "source": "https://github.com/PHP-DI/PhpDocReader/tree/2.2.1"
            },
            "time": "2020-10-12T12:39:22+00:00"
        },
        {
            "name": "psr/container",
            "version": "1.1.2",
            "source": {
                "type": "git",
                "url": "https://github.com/php-fig/container.git",
                "reference": "513e0666f7216c7459170d56df27dfcefe1689ea"
            },
            "dist": {
                "type": "zip",
                "url": "https://api.github.com/repos/php-fig/container/zipball/513e0666f7216c7459170d56df27dfcefe1689ea",
                "reference": "513e0666f7216c7459170d56df27dfcefe1689ea",
                "shasum": ""
            },
            "require": {
                "php": ">=7.4.0"
            },
            "type": "library",
            "autoload": {
                "psr-4": {
                    "Psr\\Container\\": "src/"
                }
            },
            "notification-url": "https://packagist.org/downloads/",
            "license": [
                "MIT"
            ],
            "authors": [
                {
                    "name": "PHP-FIG",
                    "homepage": "https://www.php-fig.org/"
                }
            ],
            "description": "Common Container Interface (PHP FIG PSR-11)",
            "homepage": "https://github.com/php-fig/container",
            "keywords": [
                "PSR-11",
                "container",
                "container-interface",
                "container-interop",
                "psr"
            ],
            "support": {
                "issues": "https://github.com/php-fig/container/issues",
                "source": "https://github.com/php-fig/container/tree/1.1.2"
            },
            "time": "2021-11-05T16:50:12+00:00"
        },
        {
            "name": "psr/log",
            "version": "1.1.4",
            "source": {
                "type": "git",
                "url": "https://github.com/php-fig/log.git",
                "reference": "d49695b909c3b7628b6289db5479a1c204601f11"
            },
            "dist": {
                "type": "zip",
                "url": "https://api.github.com/repos/php-fig/log/zipball/d49695b909c3b7628b6289db5479a1c204601f11",
                "reference": "d49695b909c3b7628b6289db5479a1c204601f11",
                "shasum": ""
            },
            "require": {
                "php": ">=5.3.0"
            },
            "type": "library",
            "extra": {
                "branch-alias": {
                    "dev-master": "1.1.x-dev"
                }
            },
            "autoload": {
                "psr-4": {
                    "Psr\\Log\\": "Psr/Log/"
                }
            },
            "notification-url": "https://packagist.org/downloads/",
            "license": [
                "MIT"
            ],
            "authors": [
                {
                    "name": "PHP-FIG",
                    "homepage": "https://www.php-fig.org/"
                }
            ],
            "description": "Common interface for logging libraries",
            "homepage": "https://github.com/php-fig/log",
            "keywords": [
                "log",
                "psr",
                "psr-3"
            ],
            "support": {
                "source": "https://github.com/php-fig/log/tree/1.1.4"
            },
            "time": "2021-05-03T11:20:27+00:00"
        },
        {
            "name": "wpify/asset",
            "version": "1.3.0",
            "source": {
                "type": "git",
                "url": "https://github.com/wpify/asset.git",
                "reference": "faf957af650b441b49f03cb7ffa42abfe157b43b"
            },
            "dist": {
                "type": "zip",
                "url": "https://api.github.com/repos/wpify/asset/zipball/faf957af650b441b49f03cb7ffa42abfe157b43b",
                "reference": "faf957af650b441b49f03cb7ffa42abfe157b43b",
                "shasum": ""
            },
            "type": "library",
            "autoload": {
                "psr-4": {
                    "Wpify\\Asset\\": "src/"
                }
            },
            "notification-url": "https://packagist.org/downloads/",
            "license": [
                "GPL-2.0-or-later"
            ],
            "authors": [
                {
                    "name": "WPify",
                    "email": "info@wpify.io"
                }
            ],
            "support": {
                "issues": "https://github.com/wpify/asset/issues",
                "source": "https://github.com/wpify/asset/tree/1.3.0"
            },
            "time": "2024-07-29T15:25:55+00:00"
        },
        {
            "name": "wpify/custom-fields",
            "version": "4.0.56",
            "source": {
                "type": "git",
                "url": "https://github.com/wpify/custom-fields.git",
                "reference": "4996539ebee4c594643769d030608272e973f306"
            },
            "dist": {
                "type": "zip",
                "url": "https://api.github.com/repos/wpify/custom-fields/zipball/4996539ebee4c594643769d030608272e973f306",
                "reference": "4996539ebee4c594643769d030608272e973f306",
                "shasum": ""
            },
            "require": {
                "ext-json": "*",
                "php": "^8.1"
            },
            "require-dev": {
                "dealerdirect/phpcodesniffer-composer-installer": "^0.7",
                "phpcompatibility/phpcompatibility-wp": "*",
                "squizlabs/php_codesniffer": "^3.10",
                "wp-coding-standards/wpcs": "^3.0"
            },
            "type": "library",
            "autoload": {
                "files": [
                    "custom-fields.php"
                ],
                "psr-4": {
                    "Wpify\\CustomFields\\": "src/"
                }
            },
            "notification-url": "https://packagist.org/downloads/",
            "license": [
                "GPL-3.0-or-later"
            ],
            "description": "WPify Custom Fields",
            "support": {
                "issues": "https://github.com/wpify/custom-fields/issues",
                "source": "https://github.com/wpify/custom-fields/tree/4.0.56"
            },
            "time": "2025-05-07T20:53:27+00:00"
        },
        {
            "name": "wpify/log",
            "version": "1.0.10",
            "source": {
                "type": "git",
                "url": "https://github.com/wpify/log.git",
                "reference": "43bb35f12babe33b0343bb3d3f85239248c48701"
            },
            "dist": {
                "type": "zip",
                "url": "https://api.github.com/repos/wpify/log/zipball/43bb35f12babe33b0343bb3d3f85239248c48701",
                "reference": "43bb35f12babe33b0343bb3d3f85239248c48701",
                "shasum": ""
            },
            "require": {
                "monolog/monolog": "^2.3",
                "psr/log": "1.1.4"
            },
            "type": "library",
            "autoload": {
                "psr-4": {
                    "Wpify\\Log\\": "src/"
                }
            },
            "notification-url": "https://packagist.org/downloads/",
            "license": [
                "GPL-2.0-or-later"
            ],
            "authors": [
                {
                    "name": "WPify",
                    "email": "info@wpify.io"
                }
            ],
            "description": "WPify Log",
            "support": {
                "issues": "https://github.com/wpify/log/issues",
                "source": "https://github.com/wpify/log/tree/1.0.10"
            },
            "time": "2022-11-15T20:50:07+00:00"
        },
        {
            "name": "wpify/model",
            "version": "4.1.24",
            "source": {
                "type": "git",
                "url": "https://github.com/wpify/model.git",
                "reference": "ebcac0038014dd0a8d7af5b31e3ee1efa542e9ec"
            },
            "dist": {
                "type": "zip",
                "url": "https://api.github.com/repos/wpify/model/zipball/ebcac0038014dd0a8d7af5b31e3ee1efa542e9ec",
                "reference": "ebcac0038014dd0a8d7af5b31e3ee1efa542e9ec",
                "shasum": ""
            },
            "require": {
                "php": ">=8.0.0"
            },
            "type": "library",
            "autoload": {
                "psr-4": {
                    "Wpify\\Model\\": "src/"
                }
            },
            "notification-url": "https://packagist.org/downloads/",
            "license": [
                "GPL-2.0-or-later"
            ],
            "authors": [
                {
                    "name": "Daniel Mejta",
                    "email": "daniel@mejta.net"
                }
            ],
            "description": "WPify Model",
            "support": {
                "issues": "https://github.com/wpify/model/issues",
                "source": "https://github.com/wpify/model/tree/4.1.24"
            },
            "time": "2025-05-21T09:30:57+00:00"
        },
        {
            "name": "wpify/plugin-utils",
            "version": "1.0.1",
            "source": {
                "type": "git",
                "url": "https://github.com/wpify/plugin-utils.git",
                "reference": "0ace7f3a23bdfe3e2b2b05c72af79fa034c7e77a"
            },
            "dist": {
                "type": "zip",
                "url": "https://api.github.com/repos/wpify/plugin-utils/zipball/0ace7f3a23bdfe3e2b2b05c72af79fa034c7e77a",
                "reference": "0ace7f3a23bdfe3e2b2b05c72af79fa034c7e77a",
                "shasum": ""
            },
            "type": "library",
            "autoload": {
                "psr-4": {
                    "Wpify\\PluginUtils\\": "src/"
                }
            },
            "notification-url": "https://packagist.org/downloads/",
            "license": [
                "GPL-2.0-or-later"
            ],
            "authors": [
                {
                    "name": "WPify",
                    "email": "info@wpify.io"
                }
            ],
            "description": "WPify Plugin Utilities",
            "support": {
                "issues": "https://github.com/wpify/plugin-utils/issues",
                "source": "https://github.com/wpify/plugin-utils/tree/1.0.1"
            },
            "time": "2021-09-10T10:09:45+00:00"
        },
        {
            "name": "wpify/post-type",
            "version": "1.0.1",
            "source": {
                "type": "git",
                "url": "https://gitlab.com/wpify/post-type.git",
                "reference": "42b8a3d70075b7060a68598314eaf87f9b630602"
            },
            "dist": {
                "type": "zip",
                "url": "https://gitlab.com/api/v4/projects/wpify%2Fpost-type/repository/archive.zip?sha=42b8a3d70075b7060a68598314eaf87f9b630602",
                "reference": "42b8a3d70075b7060a68598314eaf87f9b630602",
                "shasum": ""
            },
            "type": "library",
            "autoload": {
                "psr-4": {
                    "Wpify\\PostType\\": "src/"
                }
            },
            "notification-url": "https://packagist.org/downloads/",
            "license": [
                "GPL-2.0-or-later"
            ],
            "authors": [
                {
                    "name": "WPify",
                    "email": "info@wpify.io"
                }
            ],
            "description": "WPify Post Type",
            "support": {
                "issues": "https://gitlab.com/api/v4/projects/29454510/issues"
            },
            "abandoned": true,
            "time": "2021-09-08T14:23:01+00:00"
        },
        {
            "name": "wpify/snippets",
            "version": "3.2.4",
            "source": {
                "type": "git",
                "url": "https://github.com/wpify/snippets.git",
                "reference": "8da328c616e8bbf4582014da4a169a12fcb3c42a"
            },
            "dist": {
                "type": "zip",
                "url": "https://api.github.com/repos/wpify/snippets/zipball/8da328c616e8bbf4582014da4a169a12fcb3c42a",
                "reference": "8da328c616e8bbf4582014da4a169a12fcb3c42a",
                "shasum": ""
            },
            "type": "library",
            "autoload": {
                "psr-4": {
                    "Wpify\\Snippets\\": "src/"
                }
            },
            "notification-url": "https://packagist.org/downloads/",
            "license": [
                "GPL-2.0-or-later"
            ],
            "authors": [
                {
                    "name": "Daniel Mejta",
                    "email": "daniel@mejta.net"
                },
                {
                    "name": "Václav Greif",
                    "email": "info@vaclavgreif.cz"
                }
            ],
            "support": {
                "issues": "https://github.com/wpify/snippets/issues",
                "source": "https://github.com/wpify/snippets/tree/3.2.4"
            },
            "time": "2024-07-26T07:36:21+00:00"
        },
        {
            "name": "wpify/template",
            "version": "1.1.0",
            "source": {
                "type": "git",
                "url": "https://github.com/wpify/template.git",
                "reference": "33e5e74bfe34e96d49b58341646c47ca01b34060"
            },
            "dist": {
                "type": "zip",
                "url": "https://api.github.com/repos/wpify/template/zipball/33e5e74bfe34e96d49b58341646c47ca01b34060",
                "reference": "33e5e74bfe34e96d49b58341646c47ca01b34060",
                "shasum": ""
            },
            "type": "library",
            "autoload": {
                "psr-4": {
                    "Wpify\\Template\\": "src/"
                }
            },
            "notification-url": "https://packagist.org/downloads/",
            "license": [
                "GPL-2.0-or-later"
            ],
            "authors": [
                {
                    "name": "WPify",
                    "email": "info@wpify.io"
                }
            ],
            "description": "WPify Template",
            "support": {
                "issues": "https://github.com/wpify/template/issues",
                "source": "https://github.com/wpify/template/tree/1.1.0"
            },
            "abandoned": "wpify/templates",
            "time": "2023-11-07T10:51:57+00:00"
        }
    ],
    "packages-dev": [],
    "aliases": [],
    "minimum-stability": "stable",
    "stability-flags": [],
    "prefer-stable": false,
    "prefer-lowest": false,
    "platform": {
        "php": ">8.1.0",
        "ext-json": "*"
    },
    "platform-dev": [],
    "plugin-api-version": "2.6.0"
}
